
Microsoft Visual Studio Solution File, Format Version 12.00
# Visual Studio Version 16
VisualStudioVersion = 16.0.31729.503
MinimumVisualStudioVersion = 10.0.40219.1
Project("{FAE04EC0-301F-11D3-BF4B-00C04F79EFBC}") = "XMLDemo", "XMLDemo\XMLDemo.csproj", "{6CB869EA-07BC-4777-B2F6-8178165D31A3}"
EndProject
Global
	GlobalSection(SolutionConfigurationPlatforms) = preSolution
		Debug|Any CPU = Debug|Any CPU
		Release|Any CPU = Release|Any CPU
	EndGlobalSection
	GlobalSection(ProjectConfigurationPlatforms) = postSolution
		{6CB869EA-07BC-4777-B2F6-8178165D31A3}.Debug|Any CPU.ActiveCfg = Debug|Any CPU
		{6CB869EA-07BC-4777-B2F6-8178165D31A3}.Debug|Any CPU.Build.0 = Debug|Any CPU
		{6CB869EA-07BC-4777-B2F6-8178165D31A3}.Release|Any CPU.ActiveCfg = Release|Any CPU
		{6CB869EA-07BC-4777-B2F6-8178165D31A3}.Release|Any CPU.Build.0 = Release|Any CPU
	EndGlobalSection
	GlobalSection(SolutionProperties) = preSolution
		HideSolutionNode = FALSE
	EndGlobalSection
	GlobalSection(ExtensibilityGlobals) = postSolution
		SolutionGuid = {E8751318-BFEE-4A71-8976-0BA6FE47510E}
	EndGlobalSection
EndGlobal
